
Microsoft Visual Studio Solution File, Format Version 12.00
# Visual Studio Version 16
VisualStudioVersion = 16.0.29318.209
MinimumVisualStudioVersion = 10.0.40219.1
Project("{9A19103F-16F7-4668-BE54-9A1E7A4F7556}") = "SharpVLFD", "SharpVLFD\SharpVLFD.csproj", "{9964BCE6-A899-42A4-9F9C-565707681DF2}"
EndProject
Project("{FAE04EC0-301F-11D3-BF4B-00C04F79EFBC}") = "SharpVLFD.Test", "SharpVLFD.Test\SharpVLFD.Test.csproj", "{0155AFD1-4804-47A4-8795-8997C6FF89F8}"
EndProject
Global
	GlobalSection(SolutionConfigurationPlatforms) = preSolution
		Debug|Any CPU = Debug|Any CPU
		Release|Any CPU = Release|Any CPU
	EndGlobalSection
	GlobalSection(ProjectConfigurationPlatforms) = postSolution
		{9964BCE6-A899-42A4-9F9C-565707681DF2}.Debug|Any CPU.ActiveCfg = Debug|Any CPU
		{9964BCE6-A899-42A4-9F9C-565707681DF2}.Debug|Any CPU.Build.0 = Debug|Any CPU
		{9964BCE6-A899-42A4-9F9C-565707681DF2}.Release|Any CPU.ActiveCfg = Release|Any CPU
		{9964BCE6-A899-42A4-9F9C-565707681DF2}.Release|Any CPU.Build.0 = Release|Any CPU
		{0155AFD1-4804-47A4-8795-8997C6FF89F8}.Debug|Any CPU.ActiveCfg = Debug|Any CPU
		{0155AFD1-4804-47A4-8795-8997C6FF89F8}.Debug|Any CPU.Build.0 = Debug|Any CPU
		{0155AFD1-4804-47A4-8795-8997C6FF89F8}.Release|Any CPU.ActiveCfg = Release|Any CPU
		{0155AFD1-4804-47A4-8795-8997C6FF89F8}.Release|Any CPU.Build.0 = Release|Any CPU
	EndGlobalSection
	GlobalSection(SolutionProperties) = preSolution
		HideSolutionNode = FALSE
	EndGlobalSection
	GlobalSection(ExtensibilityGlobals) = postSolution
		SolutionGuid = {E78F0BE2-2FB6-4184-ABB5-C5FCDCB8E794}
	EndGlobalSection
EndGlobal
